
Microsoft Visual Studio Solution File, Format Version 12.00
# Visual Studio Version 17
VisualStudioVersion = 17.5.33516.290
MinimumVisualStudioVersion = 10.0.40219.1
Project("{8BC9CEB8-8B4A-11D0-8D11-00A0C91BC942}") = "d3dEndScene", "d3dEndScene\d3dEndScene.vcxproj", "{F621A22F-E16E-4945-AD46-A3D3440DF824}"
EndProject
Project("{8BC9CEB8-8B4A-11D0-8D11-00A0C91BC942}") = "Launcher", "Launcher\Launcher.vcxproj", "{03769BDD-21F4-4BCE-90D7-0FBAC1D157AE}"
	ProjectSection(ProjectDependencies) = postProject
		{F621A22F-E16E-4945-AD46-A3D3440DF824} = {F621A22F-E16E-4945-AD46-A3D3440DF824}
	EndProjectSection
EndProject
Global
	GlobalSection(SolutionConfigurationPlatforms) = preSolution
		Debug|x64 = Debug|x64
		Debug|x86 = Debug|x86
		Release|x64 = Release|x64
		Release|x86 = Release|x86
	EndGlobalSection
	GlobalSection(ProjectConfigurationPlatforms) = postSolution
		{F621A22F-E16E-4945-AD46-A3D3440DF824}.Debug|x64.ActiveCfg = Debug|x64
		{F621A22F-E16E-4945-AD46-A3D3440DF824}.Debug|x64.Build.0 = Debug|x64
		{F621A22F-E16E-4945-AD46-A3D3440DF824}.Debug|x86.ActiveCfg = Debug|Win32
		{F621A22F-E16E-4945-AD46-A3D3440DF824}.Debug|x86.Build.0 = Debug|Win32
		{F621A22F-E16E-4945-AD46-A3D3440DF824}.Release|x64.ActiveCfg = Release|x64
		{F621A22F-E16E-4945-AD46-A3D3440DF824}.Release|x64.Build.0 = Release|x64
		{F621A22F-E16E-4945-AD46-A3D3440DF824}.Release|x86.ActiveCfg = Release|Win32
		{F621A22F-E16E-4945-AD46-A3D3440DF824}.Release|x86.Build.0 = Release|Win32
		{03769BDD-21F4-4BCE-90D7-0FBAC1D157AE}.Debug|x64.ActiveCfg = Debug|x64
		{03769BDD-21F4-4BCE-90D7-0FBAC1D157AE}.Debug|x64.Build.0 = Debug|x64
		{03769BDD-21F4-4BCE-90D7-0FBAC1D157AE}.Debug|x86.ActiveCfg = Debug|Win32
		{03769BDD-21F4-4BCE-90D7-0FBAC1D157AE}.Debug|x86.Build.0 = Debug|Win32
		{03769BDD-21F4-4BCE-90D7-0FBAC1D157AE}.Release|x64.ActiveCfg = Release|x64
		{03769BDD-21F4-4BCE-90D7-0FBAC1D157AE}.Release|x64.Build.0 = Release|x64
		{03769BDD-21F4-4BCE-90D7-0FBAC1D157AE}.Release|x86.ActiveCfg = Release|Win32
		{03769BDD-21F4-4BCE-90D7-0FBAC1D157AE}.Release|x86.Build.0 = Release|Win32
	EndGlobalSection
	GlobalSection(SolutionProperties) = preSolution
		HideSolutionNode = FALSE
	EndGlobalSection
	GlobalSection(ExtensibilityGlobals) = postSolution
		SolutionGuid = {E8831BBA-DB74-42BB-9396-313ACBAD95FC}
	EndGlobalSection
EndGlobal
